
Microsoft Visual Studio Solution File, Format Version 12.00
Project("{FAE04EC0-301F-11D3-BF4B-00C04F79EFBC}") = "QrCodeGenerator", "QrCodeGenerator\QrCodeGenerator.csproj", "{EFCECAE6-CEF8-4CFC-91AE-0547576709DB}"
EndProject
Global
	GlobalSection(SolutionConfigurationPlatforms) = preSolution
		Debug|Any CPU = Debug|Any CPU
		Release|Any CPU = Release|Any CPU
	EndGlobalSection
	GlobalSection(ProjectConfigurationPlatforms) = postSolution
		{EFCECAE6-CEF8-4CFC-91AE-0547576709DB}.Debug|Any CPU.ActiveCfg = Debug|Any CPU
		{EFCECAE6-CEF8-4CFC-91AE-0547576709DB}.Debug|Any CPU.Build.0 = Debug|Any CPU
		{EFCECAE6-CEF8-4CFC-91AE-0547576709DB}.Release|Any CPU.ActiveCfg = Release|Any CPU
		{EFCECAE6-CEF8-4CFC-91AE-0547576709DB}.Release|Any CPU.Build.0 = Release|Any CPU
	EndGlobalSection
EndGlobal
